// !$*UTF8*$!
{
	archiveVersion = 1;
	classes = {
	};
	objectVersion = 50;
	objects = {

/* Begin PBXBuildFile section */
		CE077808264A58280029763A /* main.c in Sources */ = {isa = PBXBuildFile; fileRef = CE077807264A58280029763A /* main.c */; };
		CE077816264A585F0029763A /* main.c in Sources */ = {isa = PBXBuildFile; fileRef = CE077815264A585F0029763A /* main.c */; };
		CE1E5225264BA3C70044AB24 /* main.c in Sources */ = {isa = PBXBuildFile; fileRef = CE1E5224264BA3C70044AB24 /* main.c */; };
		CEB99AD9276724F8004D2C66 /* main.c in Sources */ = {isa = PBXBuildFile; fileRef = CEB99AD8276724F8004D2C66 /* main.c */; };
		CEB99AE427672EB7004D2C66 /* main.c in Sources */ = {isa = PBXBuildFile; fileRef = CEB99AE327672EB7004D2C66 /* main.c */; };
/* End PBXBuildFile section */

/* Begin PBXCopyFilesBuildPhase section */
		CE077802264A58280029763A /* CopyFiles */ = {
			isa = PBXCopyFilesBuildPhase;
			buildActionMask = 2147483647;
			dstPath = /usr/share/man/man1/;
			dstSubfolderSpec = 0;
			files = (
			);
			runOnlyForDeploymentPostprocessing = 1;
		};
		CE077811264A585F0029763A /* CopyFiles */ = {
			isa = PBXCopyFilesBuildPhase;
			buildActionMask = 2147483647;
			dstPath = /usr/share/man/man1/;
			dstSubfolderSpec = 0;
			files = (
			);
			runOnlyForDeploymentPostprocessing = 1;
		};
		CE1E5220264BA3C70044AB24 /* CopyFiles */ = {
			isa = PBXCopyFilesBuildPhase;
			buildActionMask = 2147483647;
			dstPath = /usr/share/man/man1/;
			dstSubfolderSpec = 0;
			files = (
			);
			runOnlyForDeploymentPostprocessing = 1;
		};
		CEB99AD4276724F8004D2C66 /* CopyFiles */ = {
			isa = PBXCopyFilesBuildPhase;
			buildActionMask = 2147483647;
			dstPath = /usr/share/man/man1/;
			dstSubfolderSpec = 0;
			files = (
			);
			runOnlyForDeploymentPostprocessing = 1;
		};
		CEB99ADF27672EB6004D2C66 /* CopyFiles */ = {
			isa = PBXCopyFilesBuildPhase;
			buildActionMask = 2147483647;
			dstPath = /usr/share/man/man1/;
			dstSubfolderSpec = 0;
			files = (
			);
			runOnlyForDeploymentPostprocessing = 1;
		};
/* End PBXCopyFilesBuildPhase section */

/* Begin PBXFileReference section */
		CE077804264A58280029763A /* c */ = {isa = PBXFileReference; explicitFileType = "compiled.mach-o.executable"; includeInIndex = 0; path = c; sourceTree = BUILT_PRODUCTS_DIR; };
		CE077807264A58280029763A /* main.c */ = {isa = PBXFileReference; lastKnownFileType = sourcecode.c.c; path = main.c; sourceTree = "<group>"; };
		CE077813264A585F0029763A /* pointer */ = {isa = PBXFileReference; explicitFileType = "compiled.mach-o.executable"; includeInIndex = 0; path = pointer; sourceTree = BUILT_PRODUCTS_DIR; };
		CE077815264A585F0029763A /* main.c */ = {isa = PBXFileReference; lastKnownFileType = sourcecode.c.c; path = main.c; sourceTree = "<group>"; };
		CE1E5222264BA3C70044AB24 /* struct */ = {isa = PBXFileReference; explicitFileType = "compiled.mach-o.executable"; includeInIndex = 0; path = struct; sourceTree = BUILT_PRODUCTS_DIR; };
		CE1E5224264BA3C70044AB24 /* main.c */ = {isa = PBXFileReference; lastKnownFileType = sourcecode.c.c; path = main.c; sourceTree = "<group>"; };
		CEB99AD6276724F8004D2C66 /* 二维数组指针 */ = {isa = PBXFileReference; explicitFileType = "compiled.mach-o.executable"; includeInIndex = 0; path = "二维数组指针"; sourceTree = BUILT_PRODUCTS_DIR; };
		CEB99AD8276724F8004D2C66 /* main.c */ = {isa = PBXFileReference; lastKnownFileType = sourcecode.c.c; path = main.c; sourceTree = "<group>"; };
		CEB99AE127672EB7004D2C66 /* 库函数 */ = {isa = PBXFileReference; explicitFileType = "compiled.mach-o.executable"; includeInIndex = 0; path = "库函数"; sourceTree = BUILT_PRODUCTS_DIR; };
		CEB99AE327672EB7004D2C66 /* main.c */ = {isa = PBXFileReference; lastKnownFileType = sourcecode.c.c; path = main.c; sourceTree = "<group>"; };
/* End PBXFileReference section */

/* Begin PBXFrameworksBuildPhase section */
		CE077801264A58280029763A /* Frameworks */ = {
			isa = PBXFrameworksBuildPhase;
			buildActionMask = 2147483647;
			files = (
			);
			runOnlyForDeploymentPostprocessing = 0;
		};
		CE077810264A585F0029763A /* Frameworks */ = {
			isa = PBXFrameworksBuildPhase;
			buildActionMask = 2147483647;
			files = (
			);
			runOnlyForDeploymentPostprocessing = 0;
		};
		CE1E521F264BA3C70044AB24 /* Frameworks */ = {
			isa = PBXFrameworksBuildPhase;
			buildActionMask = 2147483647;
			files = (
			);
			runOnlyForDeploymentPostprocessing = 0;
		};
		CEB99AD3276724F8004D2C66 /* Frameworks */ = {
			isa = PBXFrameworksBuildPhase;
			buildActionMask = 2147483647;
			files = (
			);
			runOnlyForDeploymentPostprocessing = 0;
		};
		CEB99ADE27672EB6004D2C66 /* Frameworks */ = {
			isa = PBXFrameworksBuildPhase;
			buildActionMask = 2147483647;
			files = (
			);
			runOnlyForDeploymentPostprocessing = 0;
		};
/* End PBXFrameworksBuildPhase section */

/* Begin PBXGroup section */
		CE0777FB264A58280029763A = {
			isa = PBXGroup;
			children = (
				CE077806264A58280029763A /* c */,
				CE077814264A585F0029763A /* pointer */,
				CE1E5223264BA3C70044AB24 /* struct */,
				CEB99AD7276724F8004D2C66 /* 二维数组指针 */,
				CEB99AE227672EB7004D2C66 /* 库函数 */,
				CE077805264A58280029763A /* Products */,
			);
			sourceTree = "<group>";
		};
		CE077805264A58280029763A /* Products */ = {
			isa = PBXGroup;
			children = (
				CE077804264A58280029763A /* c */,
				CE077813264A585F0029763A /* pointer */,
				CE1E5222264BA3C70044AB24 /* struct */,
				CEB99AD6276724F8004D2C66 /* 二维数组指针 */,
				CEB99AE127672EB7004D2C66 /* 库函数 */,
			);
			name = Products;
			sourceTree = "<group>";
		};
		CE077806264A58280029763A /* c */ = {
			isa = PBXGroup;
			children = (
				CE077807264A58280029763A /* main.c */,
			);
			path = c;
			sourceTree = "<group>";
		};
		CE077814264A585F0029763A /* pointer */ = {
			isa = PBXGroup;
			children = (
				CE077815264A585F0029763A /* main.c */,
			);
			path = pointer;
			sourceTree = "<group>";
		};
		CE1E5223264BA3C70044AB24 /* struct */ = {
			isa = PBXGroup;
			children = (
				CE1E5224264BA3C70044AB24 /* main.c */,
			);
			path = struct;
			sourceTree = "<group>";
		};
		CEB99AD7276724F8004D2C66 /* 二维数组指针 */ = {
			isa = PBXGroup;
			children = (
				CEB99AD8276724F8004D2C66 /* main.c */,
			);
			path = "二维数组指针";
			sourceTree = "<group>";
		};
		CEB99AE227672EB7004D2C66 /* 库函数 */ = {
			isa = PBXGroup;
			children = (
				CEB99AE327672EB7004D2C66 /* main.c */,
			);
			path = "库函数";
			sourceTree = "<group>";
		};
/* End PBXGroup section */

/* Begin PBXNativeTarget section */
		CE077803264A58280029763A /* c */ = {
			isa = PBXNativeTarget;
			buildConfigurationList = CE07780B264A58280029763A /* Build configuration list for PBXNativeTarget "c" */;
			buildPhases = (
				CE077800264A58280029763A /* Sources */,
				CE077801264A58280029763A /* Frameworks */,
				CE077802264A58280029763A /* CopyFiles */,
			);
			buildRules = (
			);
			dependencies = (
			);
			name = c;
			productName = c;
			productReference = CE077804264A58280029763A /* c */;
			productType = "com.apple.product-type.tool";
		};
		CE077812264A585F0029763A /* pointer */ = {
			isa = PBXNativeTarget;
			buildConfigurationList = CE077817264A585F0029763A /* Build configuration list for PBXNativeTarget "pointer" */;
			buildPhases = (
				CE07780F264A585F0029763A /* Sources */,
				CE077810264A585F0029763A /* Frameworks */,
				CE077811264A585F0029763A /* CopyFiles */,
			);
			buildRules = (
			);
			dependencies = (
			);
			name = pointer;
			productName = pointer;
			productReference = CE077813264A585F0029763A /* pointer */;
			productType = "com.apple.product-type.tool";
		};
		CE1E5221264BA3C70044AB24 /* struct */ = {
			isa = PBXNativeTarget;
			buildConfigurationList = CE1E5228264BA3C70044AB24 /* Build configuration list for PBXNativeTarget "struct" */;
			buildPhases = (
				CE1E521E264BA3C70044AB24 /* Sources */,
				CE1E521F264BA3C70044AB24 /* Frameworks */,
				CE1E5220264BA3C70044AB24 /* CopyFiles */,
			);
			buildRules = (
			);
			dependencies = (
			);
			name = struct;
			productName = struct;
			productReference = CE1E5222264BA3C70044AB24 /* struct */;
			productType = "com.apple.product-type.tool";
		};
		CEB99AD5276724F8004D2C66 /* 二维数组指针 */ = {
			isa = PBXNativeTarget;
			buildConfigurationList = CEB99ADC276724F8004D2C66 /* Build configuration list for PBXNativeTarget "二维数组指针" */;
			buildPhases = (
				CEB99AD2276724F8004D2C66 /* Sources */,
				CEB99AD3276724F8004D2C66 /* Frameworks */,
				CEB99AD4276724F8004D2C66 /* CopyFiles */,
			);
			buildRules = (
			);
			dependencies = (
			);
			name = "二维数组指针";
			productName = "二维数组指针";
			productReference = CEB99AD6276724F8004D2C66 /* 二维数组指针 */;
			productType = "com.apple.product-type.tool";
		};
		CEB99AE027672EB6004D2C66 /* 库函数 */ = {
			isa = PBXNativeTarget;
			buildConfigurationList = CEB99AE527672EB7004D2C66 /* Build configuration list for PBXNativeTarget "库函数" */;
			buildPhases = (
				CEB99ADD27672EB6004D2C66 /* Sources */,
				CEB99ADE27672EB6004D2C66 /* Frameworks */,
				CEB99ADF27672EB6004D2C66 /* CopyFiles */,
			);
			buildRules = (
			);
			dependencies = (
			);
			name = "库函数";
			productName = "库函数";
			productReference = CEB99AE127672EB7004D2C66 /* 库函数 */;
			productType = "com.apple.product-type.tool";
		};
/* End PBXNativeTarget section */

/* Begin PBXProject section */
		CE0777FC264A58280029763A /* Project object */ = {
			isa = PBXProject;
			attributes = {
				LastUpgradeCheck = 1240;
				TargetAttributes = {
					CE077803264A58280029763A = {
						CreatedOnToolsVersion = 12.4;
					};
					CE077812264A585F0029763A = {
						CreatedOnToolsVersion = 12.4;
					};
					CE1E5221264BA3C70044AB24 = {
						CreatedOnToolsVersion = 12.4;
					};
					CEB99AD5276724F8004D2C66 = {
						CreatedOnToolsVersion = 13.0;
					};
					CEB99AE027672EB6004D2C66 = {
						CreatedOnToolsVersion = 13.0;
					};
				};
			};
			buildConfigurationList = CE0777FF264A58280029763A /* Build configuration list for PBXProject "c" */;
			compatibilityVersion = "Xcode 9.3";
			developmentRegion = en;
			hasScannedForEncodings = 0;
			knownRegions = (
				en,
				Base,
			);
			mainGroup = CE0777FB264A58280029763A;
			productRefGroup = CE077805264A58280029763A /* Products */;
			projectDirPath = "";
			projectRoot = "";
			targets = (
				CE077803264A58280029763A /* c */,
				CE077812264A585F0029763A /* pointer */,
				CE1E5221264BA3C70044AB24 /* struct */,
				CEB99AD5276724F8004D2C66 /* 二维数组指针 */,
				CEB99AE027672EB6004D2C66 /* 库函数 */,
			);
		};
/* End PBXProject section */

/* Begin PBXSourcesBuildPhase section */
		CE077800264A58280029763A /* Sources */ = {
			isa = PBXSourcesBuildPhase;
			buildActionMask = 2147483647;
			files = (
				CE077808264A58280029763A /* main.c in Sources */,
			);
			runOnlyForDeploymentPostprocessing = 0;
		};
		CE07780F264A585F0029763A /* Sources */ = {
			isa = PBXSourcesBuildPhase;
			buildActionMask = 2147483647;
			files = (
				CE077816264A585F0029763A /* main.c in Sources */,
			);
			runOnlyForDeploymentPostprocessing = 0;
		};
		CE1E521E264BA3C70044AB24 /* Sources */ = {
			isa = PBXSourcesBuildPhase;
			buildActionMask = 2147483647;
			files = (
				CE1E5225264BA3C70044AB24 /* main.c in Sources */,
			);
			runOnlyForDeploymentPostprocessing = 0;
		};
		CEB99AD2276724F8004D2C66 /* Sources */ = {
			isa = PBXSourcesBuildPhase;
			buildActionMask = 2147483647;
			files = (
				CEB99AD9276724F8004D2C66 /* main.c in Sources */,
			);
			runOnlyForDeploymentPostprocessing = 0;
		};
		CEB99ADD27672EB6004D2C66 /* Sources */ = {
			isa = PBXSourcesBuildPhase;
			buildActionMask = 2147483647;
			files = (
				CEB99AE427672EB7004D2C66 /* main.c in Sources */,
			);
			runOnlyForDeploymentPostprocessing = 0;
		};
/* End PBXSourcesBuildPhase section */

/* Begin XCBuildConfiguration section */
		CE077809264A58280029763A /* Debug */ = {
			isa = XCBuildConfiguration;
			buildSettings = {
				ALWAYS_SEARCH_USER_PATHS = NO;
				CLANG_ANALYZER_NONNULL = YES;
				CLANG_ANALYZER_NUMBER_OBJECT_CONVERSION = YES_AGGRESSIVE;
				CLANG_CXX_LANGUAGE_STANDARD = "gnu++14";
				CLANG_CXX_LIBRARY = "libc++";
				CLANG_ENABLE_MODULES = YES;
				CLANG_ENABLE_OBJC_ARC = YES;
				CLANG_ENABLE_OBJC_WEAK = YES;
				CLANG_WARN_BLOCK_CAPTURE_AUTORELEASING = YES;
				CLANG_WARN_BOOL_CONVERSION = YES;
				CLANG_WARN_COMMA = YES;
				CLANG_WARN_CONSTANT_CONVERSION = YES;
				CLANG_WARN_DEPRECATED_OBJC_IMPLEMENTATIONS = YES;
				CLANG_WARN_DIRECT_OBJC_ISA_USAGE = YES_ERROR;
				CLANG_WARN_DOCUMENTATION_COMMENTS = YES;
				CLANG_WARN_EMPTY_BODY = YES;
				CLANG_WARN_ENUM_CONVERSION = YES;
				CLANG_WARN_INFINITE_RECURSION = YES;
				CLANG_WARN_INT_CONVERSION = YES;
				CLANG_WARN_NON_LITERAL_NULL_CONVERSION = YES;
				CLANG_WARN_OBJC_IMPLICIT_RETAIN_SELF = YES;
				CLANG_WARN_OBJC_LITERAL_CONVERSION = YES;
				CLANG_WARN_OBJC_ROOT_CLASS = YES_ERROR;
				CLANG_WARN_QUOTED_INCLUDE_IN_FRAMEWORK_HEADER = YES;
				CLANG_WARN_RANGE_LOOP_ANALYSIS = YES;
				CLANG_WARN_STRICT_PROTOTYPES = YES;
				CLANG_WARN_SUSPICIOUS_MOVE = YES;
				CLANG_WARN_UNGUARDED_AVAILABILITY = YES_AGGRESSIVE;
				CLANG_WARN_UNREACHABLE_CODE = YES;
				CLANG_WARN__DUPLICATE_METHOD_MATCH = YES;
				COPY_PHASE_STRIP = NO;
				DEBUG_INFORMATION_FORMAT = dwarf;
				ENABLE_STRICT_OBJC_MSGSEND = YES;
				ENABLE_TESTABILITY = YES;
				GCC_C_LANGUAGE_STANDARD = gnu11;
				GCC_DYNAMIC_NO_PIC = NO;
				GCC_NO_COMMON_BLOCKS = YES;
				GCC_OPTIMIZATION_LEVEL = 0;
				GCC_PREPROCESSOR_DEFINITIONS = (
					"DEBUG=1",
					"$(inherited)",
				);
				GCC_WARN_64_TO_32_BIT_CONVERSION = YES;
				GCC_WARN_ABOUT_RETURN_TYPE = YES_ERROR;
				GCC_WARN_UNDECLARED_SELECTOR = YES;
				GCC_WARN_UNINITIALIZED_AUTOS = YES_AGGRESSIVE;
				GCC_WARN_UNUSED_FUNCTION = YES;
				GCC_WARN_UNUSED_VARIABLE = YES;
				MACOSX_DEPLOYMENT_TARGET = 10.15;
				MTL_ENABLE_DEBUG_INFO = INCLUDE_SOURCE;
				MTL_FAST_MATH = YES;
				ONLY_ACTIVE_ARCH = YES;
				SDKROOT = macosx;
			};
			name = Debug;
		};
		CE07780A264A58280029763A /* Release */ = {
			isa = XCBuildConfiguration;
			buildSettings = {
				ALWAYS_SEARCH_USER_PATHS = NO;
				CLANG_ANALYZER_NONNULL = YES;
				CLANG_ANALYZER_NUMBER_OBJECT_CONVERSION = YES_AGGRESSIVE;
				CLANG_CXX_LANGUAGE_STANDARD = "gnu++14";
				CLANG_CXX_LIBRARY = "libc++";
				CLANG_ENABLE_MODULES = YES;
				CLANG_ENABLE_OBJC_ARC = YES;
				CLANG_ENABLE_OBJC_WEAK = YES;
				CLANG_WARN_BLOCK_CAPTURE_AUTORELEASING = YES;
				CLANG_WARN_BOOL_CONVERSION = YES;
				CLANG_WARN_COMMA = YES;
				CLANG_WARN_CONSTANT_CONVERSION = YES;
				CLANG_WARN_DEPRECATED_OBJC_IMPLEMENTATIONS = YES;
				CLANG_WARN_DIRECT_OBJC_ISA_USAGE = YES_ERROR;
				CLANG_WARN_DOCUMENTATION_COMMENTS = YES;
				CLANG_WARN_EMPTY_BODY = YES;
				CLANG_WARN_ENUM_CONVERSION = YES;
				CLANG_WARN_INFINITE_RECURSION = YES;
				CLANG_WARN_INT_CONVERSION = YES;
				CLANG_WARN_NON_LITERAL_NULL_CONVERSION = YES;
				CLANG_WARN_OBJC_IMPLICIT_RETAIN_SELF = YES;
				CLANG_WARN_OBJC_LITERAL_CONVERSION = YES;
				CLANG_WARN_OBJC_ROOT_CLASS = YES_ERROR;
				CLANG_WARN_QUOTED_INCLUDE_IN_FRAMEWORK_HEADER = YES;
				CLANG_WARN_RANGE_LOOP_ANALYSIS = YES;
				CLANG_WARN_STRICT_PROTOTYPES = YES;
				CLANG_WARN_SUSPICIOUS_MOVE = YES;
				CLANG_WARN_UNGUARDED_AVAILABILITY = YES_AGGRESSIVE;
				CLANG_WARN_UNREACHABLE_CODE = YES;
				CLANG_WARN__DUPLICATE_METHOD_MATCH = YES;
				COPY_PHASE_STRIP = NO;
				DEBUG_INFORMATION_FORMAT = "dwarf-with-dsym";
				ENABLE_NS_ASSERTIONS = NO;
				ENABLE_STRICT_OBJC_MSGSEND = YES;
				GCC_C_LANGUAGE_STANDARD = gnu11;
				GCC_NO_COMMON_BLOCKS = YES;
				GCC_WARN_64_TO_32_BIT_CONVERSION = YES;
				GCC_WARN_ABOUT_RETURN_TYPE = YES_ERROR;
				GCC_WARN_UNDECLARED_SELECTOR = YES;
				GCC_WARN_UNINITIALIZED_AUTOS = YES_AGGRESSIVE;
				GCC_WARN_UNUSED_FUNCTION = YES;
				GCC_WARN_UNUSED_VARIABLE = YES;
				MACOSX_DEPLOYMENT_TARGET = 10.15;
				MTL_ENABLE_DEBUG_INFO = NO;
				MTL_FAST_MATH = YES;
				SDKROOT = macosx;
			};
			name = Release;
		};
		CE07780C264A58280029763A /* Debug */ = {
			isa = XCBuildConfiguration;
			buildSettings = {
				CODE_SIGN_STYLE = Automatic;
				PRODUCT_NAME = "$(TARGET_NAME)";
			};
			name = Debug;
		};
		CE07780D264A58280029763A /* Release */ = {
			isa = XCBuildConfiguration;
			buildSettings = {
				CODE_SIGN_STYLE = Automatic;
				PRODUCT_NAME = "$(TARGET_NAME)";
			};
			name = Release;
		};
		CE077818264A585F0029763A /* Debug */ = {
			isa = XCBuildConfiguration;
			buildSettings = {
				CODE_SIGN_STYLE = Automatic;
				PRODUCT_NAME = "$(TARGET_NAME)";
			};
			name = Debug;
		};
		CE077819264A585F0029763A /* Release */ = {
			isa = XCBuildConfiguration;
			buildSettings = {
				CODE_SIGN_STYLE = Automatic;
				PRODUCT_NAME = "$(TARGET_NAME)";
			};
			name = Release;
		};
		CE1E5226264BA3C70044AB24 /* Debug */ = {
			isa = XCBuildConfiguration;
			buildSettings = {
				CODE_SIGN_STYLE = Automatic;
				PRODUCT_NAME = "$(TARGET_NAME)";
			};
			name = Debug;
		};
		CE1E5227264BA3C70044AB24 /* Release */ = {
			isa = XCBuildConfiguration;
			buildSettings = {
				CODE_SIGN_STYLE = Automatic;
				PRODUCT_NAME = "$(TARGET_NAME)";
			};
			name = Release;
		};
		CEB99ADA276724F8004D2C66 /* Debug */ = {
			isa = XCBuildConfiguration;
			buildSettings = {
				CLANG_CXX_LANGUAGE_STANDARD = "gnu++17";
				CODE_SIGN_STYLE = Automatic;
				MACOSX_DEPLOYMENT_TARGET = 11.3;
				PRODUCT_NAME = "$(TARGET_NAME)";
			};
			name = Debug;
		};
		CEB99ADB276724F8004D2C66 /* Release */ = {
			isa = XCBuildConfiguration;
			buildSettings = {
				CLANG_CXX_LANGUAGE_STANDARD = "gnu++17";
				CODE_SIGN_STYLE = Automatic;
				MACOSX_DEPLOYMENT_TARGET = 11.3;
				PRODUCT_NAME = "$(TARGET_NAME)";
			};
			name = Release;
		};
		CEB99AE627672EB7004D2C66 /* Debug */ = {
			isa = XCBuildConfiguration;
			buildSettings = {
				CLANG_CXX_LANGUAGE_STANDARD = "gnu++17";
				CODE_SIGN_STYLE = Automatic;
				MACOSX_DEPLOYMENT_TARGET = 11.3;
				PRODUCT_NAME = "$(TARGET_NAME)";
			};
			name = Debug;
		};
		CEB99AE727672EB7004D2C66 /* Release */ = {
			isa = XCBuildConfiguration;
			buildSettings = {
				CLANG_CXX_LANGUAGE_STANDARD = "gnu++17";
				CODE_SIGN_STYLE = Automatic;
				MACOSX_DEPLOYMENT_TARGET = 11.3;
				PRODUCT_NAME = "$(TARGET_NAME)";
			};
			name = Release;
		};
/* End XCBuildConfiguration section */

/* Begin XCConfigurationList section */
		CE0777FF264A58280029763A /* Build configuration list for PBXProject "c" */ = {
			isa = XCConfigurationList;
			buildConfigurations = (
				CE077809264A58280029763A /* Debug */,
				CE07780A264A58280029763A /* Release */,
			);
			defaultConfigurationIsVisible = 0;
			defaultConfigurationName = Release;
		};
		CE07780B264A58280029763A /* Build configuration list for PBXNativeTarget "c" */ = {
			isa = XCConfigurationList;
			buildConfigurations = (
				CE07780C264A58280029763A /* Debug */,
				CE07780D264A58280029763A /* Release */,
			);
			defaultConfigurationIsVisible = 0;
			defaultConfigurationName = Release;
		};
		CE077817264A585F0029763A /* Build configuration list for PBXNativeTarget "pointer" */ = {
			isa = XCConfigurationList;
			buildConfigurations = (
				CE077818264A585F0029763A /* Debug */,
				CE077819264A585F0029763A /* Release */,
			);
			defaultConfigurationIsVisible = 0;
			defaultConfigurationName = Release;
		};
		CE1E5228264BA3C70044AB24 /* Build configuration list for PBXNativeTarget "struct" */ = {
			isa = XCConfigurationList;
			buildConfigurations = (
				CE1E5226264BA3C70044AB24 /* Debug */,
				CE1E5227264BA3C70044AB24 /* Release */,
			);
			defaultConfigurationIsVisible = 0;
			defaultConfigurationName = Release;
		};
		CEB99ADC276724F8004D2C66 /* Build configuration list for PBXNativeTarget "二维数组指针" */ = {
			isa = XCConfigurationList;
			buildConfigurations = (
				CEB99ADA276724F8004D2C66 /* Debug */,
				CEB99ADB276724F8004D2C66 /* Release */,
			);
			defaultConfigurationIsVisible = 0;
			defaultConfigurationName = Release;
		};
		CEB99AE527672EB7004D2C66 /* Build configuration list for PBXNativeTarget "库函数" */ = {
			isa = XCConfigurationList;
			buildConfigurations = (
				CEB99AE627672EB7004D2C66 /* Debug */,
				CEB99AE727672EB7004D2C66 /* Release */,
			);
			defaultConfigurationIsVisible = 0;
			defaultConfigurationName = Release;
		};
/* End XCConfigurationList section */
	};
	rootObject = CE0777FC264A58280029763A /* Project object */;
}
